
Microsoft Visual Studio Solution File, Format Version 12.00
# Visual Studio Version 17
VisualStudioVersion = 17.8.34511.84
MinimumVisualStudioVersion = 10.0.40219.1
Project("{FAE04EC0-301F-11D3-BF4B-00C04F79EFBC}") = "Mode8FinPractice2", "Mode8FinPractice2\Mode8FinPractice2.csproj", "{46561BD1-796C-4B97-87E6-860A1A4D929C}"
EndProject
Global
	GlobalSection(SolutionConfigurationPlatforms) = preSolution
		Debug|Any CPU = Debug|Any CPU
		Release|Any CPU = Release|Any CPU
	EndGlobalSection
	GlobalSection(ProjectConfigurationPlatforms) = postSolution
		{46561BD1-796C-4B97-87E6-860A1A4D929C}.Debug|Any CPU.ActiveCfg = Debug|Any CPU
		{46561BD1-796C-4B97-87E6-860A1A4D929C}.Debug|Any CPU.Build.0 = Debug|Any CPU
		{46561BD1-796C-4B97-87E6-860A1A4D929C}.Release|Any CPU.ActiveCfg = Release|Any CPU
		{46561BD1-796C-4B97-87E6-860A1A4D929C}.Release|Any CPU.Build.0 = Release|Any CPU
	EndGlobalSection
	GlobalSection(SolutionProperties) = preSolution
		HideSolutionNode = FALSE
	EndGlobalSection
	GlobalSection(ExtensibilityGlobals) = postSolution
		SolutionGuid = {0A6A4BB7-80ED-49B4-A9EE-6BB00D86B49E}
	EndGlobalSection
EndGlobal
